
Microsoft Visual Studio Solution File, Format Version 12.00
# Visual Studio Version 17
VisualStudioVersion = 17.14.36414.22 d17.14
MinimumVisualStudioVersion = 10.0.40219.1
Project("{FAE04EC0-301F-11D3-BF4B-00C04F79EFBC}") = "Lab2done", "Lab2done.csproj", "{CA8785F6-C68E-46ED-A03E-3CF554A5E08C}"
EndProject
Global
	GlobalSection(SolutionConfigurationPlatforms) = preSolution
		Debug|Any CPU = Debug|Any CPU
		Release|Any CPU = Release|Any CPU
	EndGlobalSection
	GlobalSection(ProjectConfigurationPlatforms) = postSolution
		{CA8785F6-C68E-46ED-A03E-3CF554A5E08C}.Debug|Any CPU.ActiveCfg = Debug|Any CPU
		{CA8785F6-C68E-46ED-A03E-3CF554A5E08C}.Debug|Any CPU.Build.0 = Debug|Any CPU
		{CA8785F6-C68E-46ED-A03E-3CF554A5E08C}.Release|Any CPU.ActiveCfg = Release|Any CPU
		{CA8785F6-C68E-46ED-A03E-3CF554A5E08C}.Release|Any CPU.Build.0 = Release|Any CPU
	EndGlobalSection
	GlobalSection(SolutionProperties) = preSolution
		HideSolutionNode = FALSE
	EndGlobalSection
	GlobalSection(ExtensibilityGlobals) = postSolution
		SolutionGuid = {2F8993F9-8038-45A1-8AA2-C2C5F8DBDF6D}
	EndGlobalSection
EndGlobal
